// !$*UTF8*$!
{
	archiveVersion = 1;
	classes = {
	};
	objectVersion = 50;
	objects = {

/* Begin PBXBuildFile section */
		EBC8BD6226E18A050034C8E2 /* IesbSocialApp.swift in Sources */ = {isa = PBXBuildFile; fileRef = EBC8BD6126E18A050034C8E2 /* IesbSocialApp.swift */; };
		EBC8BD6426E18A050034C8E2 /* ContentView.swift in Sources */ = {isa = PBXBuildFile; fileRef = EBC8BD6326E18A050034C8E2 /* ContentView.swift */; };
		EBC8BD6626E18A070034C8E2 /* Assets.xcassets in Resources */ = {isa = PBXBuildFile; fileRef = EBC8BD6526E18A070034C8E2 /* Assets.xcassets */; };
		EBC8BD6926E18A070034C8E2 /* Preview Assets.xcassets in Resources */ = {isa = PBXBuildFile; fileRef = EBC8BD6826E18A070034C8E2 /* Preview Assets.xcassets */; };
		EBC8BD7226E18A970034C8E2 /* User.swift in Sources */ = {isa = PBXBuildFile; fileRef = EBC8BD7126E18A970034C8E2 /* User.swift */; };
		EBC8BD7526E18E490034C8E2 /* UserViewModel.swift in Sources */ = {isa = PBXBuildFile; fileRef = EBC8BD7426E18E490034C8E2 /* UserViewModel.swift */; };
		EBC8BD7826E191E10034C8E2 /* UserListView.swift in Sources */ = {isa = PBXBuildFile; fileRef = EBC8BD7726E191E10034C8E2 /* UserListView.swift */; };
		EBC8BD7B26E198010034C8E2 /* URLSession+Map.swift in Sources */ = {isa = PBXBuildFile; fileRef = EBC8BD7A26E198010034C8E2 /* URLSession+Map.swift */; };
/* End PBXBuildFile section */

/* Begin PBXFileReference section */
		EBC8BD5E26E18A050034C8E2 /* IesbSocial.app */ = {isa = PBXFileReference; explicitFileType = wrapper.application; includeInIndex = 0; path = IesbSocial.app; sourceTree = BUILT_PRODUCTS_DIR; };
		EBC8BD6126E18A050034C8E2 /* IesbSocialApp.swift */ = {isa = PBXFileReference; lastKnownFileType = sourcecode.swift; path = IesbSocialApp.swift; sourceTree = "<group>"; };
		EBC8BD6326E18A050034C8E2 /* ContentView.swift */ = {isa = PBXFileReference; lastKnownFileType = sourcecode.swift; path = ContentView.swift; sourceTree = "<group>"; };
		EBC8BD6526E18A070034C8E2 /* Assets.xcassets */ = {isa = PBXFileReference; lastKnownFileType = folder.assetcatalog; path = Assets.xcassets; sourceTree = "<group>"; };
		EBC8BD6826E18A070034C8E2 /* Preview Assets.xcassets */ = {isa = PBXFileReference; lastKnownFileType = folder.assetcatalog; path = "Preview Assets.xcassets"; sourceTree = "<group>"; };
		EBC8BD6A26E18A070034C8E2 /* Info.plist */ = {isa = PBXFileReference; lastKnownFileType = text.plist.xml; path = Info.plist; sourceTree = "<group>"; };
		EBC8BD7126E18A970034C8E2 /* User.swift */ = {isa = PBXFileReference; lastKnownFileType = sourcecode.swift; path = User.swift; sourceTree = "<group>"; };
		EBC8BD7426E18E490034C8E2 /* UserViewModel.swift */ = {isa = PBXFileReference; lastKnownFileType = sourcecode.swift; path = UserViewModel.swift; sourceTree = "<group>"; };
		EBC8BD7726E191E10034C8E2 /* UserListView.swift */ = {isa = PBXFileReference; lastKnownFileType = sourcecode.swift; path = UserListView.swift; sourceTree = "<group>"; };
		EBC8BD7A26E198010034C8E2 /* URLSession+Map.swift */ = {isa = PBXFileReference; lastKnownFileType = sourcecode.swift; path = "URLSession+Map.swift"; sourceTree = "<group>"; };
/* End PBXFileReference section */

/* Begin PBXFrameworksBuildPhase section */
		EBC8BD5B26E18A050034C8E2 /* Frameworks */ = {
			isa = PBXFrameworksBuildPhase;
			buildActionMask = 2147483647;
			files = (
			);
			runOnlyForDeploymentPostprocessing = 0;
		};
/* End PBXFrameworksBuildPhase section */

/* Begin PBXGroup section */
		EBC8BD5526E18A050034C8E2 = {
			isa = PBXGroup;
			children = (
				EBC8BD6026E18A050034C8E2 /* IesbSocial */,
				EBC8BD5F26E18A050034C8E2 /* Products */,
			);
			sourceTree = "<group>";
		};
		EBC8BD5F26E18A050034C8E2 /* Products */ = {
			isa = PBXGroup;
			children = (
				EBC8BD5E26E18A050034C8E2 /* IesbSocial.app */,
			);
			name = Products;
			sourceTree = "<group>";
		};
		EBC8BD6026E18A050034C8E2 /* IesbSocial */ = {
			isa = PBXGroup;
			children = (
				EBC8BD7926E197DD0034C8E2 /* Util */,
				EBC8BD7626E191C40034C8E2 /* View */,
				EBC8BD7326E18E3A0034C8E2 /* ViewModel */,
				EBC8BD7026E18A7B0034C8E2 /* Model */,
				EBC8BD6126E18A050034C8E2 /* IesbSocialApp.swift */,
				EBC8BD6326E18A050034C8E2 /* ContentView.swift */,
				EBC8BD6526E18A070034C8E2 /* Assets.xcassets */,
				EBC8BD6A26E18A070034C8E2 /* Info.plist */,
				EBC8BD6726E18A070034C8E2 /* Preview Content */,
			);
			path = IesbSocial;
			sourceTree = "<group>";
		};
		EBC8BD6726E18A070034C8E2 /* Preview Content */ = {
			isa = PBXGroup;
			children = (
				EBC8BD6826E18A070034C8E2 /* Preview Assets.xcassets */,
			);
			path = "Preview Content";
			sourceTree = "<group>";
		};
		EBC8BD7026E18A7B0034C8E2 /* Model */ = {
			isa = PBXGroup;
			children = (
				EBC8BD7126E18A970034C8E2 /* User.swift */,
			);
			path = Model;
			sourceTree = "<group>";
		};
		EBC8BD7326E18E3A0034C8E2 /* ViewModel */ = {
			isa = PBXGroup;
			children = (
				EBC8BD7426E18E490034C8E2 /* UserViewModel.swift */,
			);
			path = ViewModel;
			sourceTree = "<group>";
		};
		EBC8BD7626E191C40034C8E2 /* View */ = {
			isa = PBXGroup;
			children = (
				EBC8BD7726E191E10034C8E2 /* UserListView.swift */,
			);
			path = View;
			sourceTree = "<group>";
		};
		EBC8BD7926E197DD0034C8E2 /* Util */ = {
			isa = PBXGroup;
			children = (
				EBC8BD7A26E198010034C8E2 /* URLSession+Map.swift */,
			);
			path = Util;
			sourceTree = "<group>";
		};
/* End PBXGroup section */

/* Begin PBXNativeTarget section */
		EBC8BD5D26E18A050034C8E2 /* IesbSocial */ = {
			isa = PBXNativeTarget;
			buildConfigurationList = EBC8BD6D26E18A070034C8E2 /* Build configuration list for PBXNativeTarget "IesbSocial" */;
			buildPhases = (
				EBC8BD5A26E18A050034C8E2 /* Sources */,
				EBC8BD5B26E18A050034C8E2 /* Frameworks */,
				EBC8BD5C26E18A050034C8E2 /* Resources */,
			);
			buildRules = (
			);
			dependencies = (
			);
			name = IesbSocial;
			productName = IesbSocial;
			productReference = EBC8BD5E26E18A050034C8E2 /* IesbSocial.app */;
			productType = "com.apple.product-type.application";
		};
/* End PBXNativeTarget section */

/* Begin PBXProject section */
		EBC8BD5626E18A050034C8E2 /* Project object */ = {
			isa = PBXProject;
			attributes = {
				LastSwiftUpdateCheck = 1250;
				LastUpgradeCheck = 1250;
				TargetAttributes = {
					EBC8BD5D26E18A050034C8E2 = {
						CreatedOnToolsVersion = 12.5.1;
					};
				};
			};
			buildConfigurationList = EBC8BD5926E18A050034C8E2 /* Build configuration list for PBXProject "IesbSocial" */;
			compatibilityVersion = "Xcode 9.3";
			developmentRegion = en;
			hasScannedForEncodings = 0;
			knownRegions = (
				en,
				Base,
			);
			mainGroup = EBC8BD5526E18A050034C8E2;
			productRefGroup = EBC8BD5F26E18A050034C8E2 /* Products */;
			projectDirPath = "";
			projectRoot = "";
			targets = (
				EBC8BD5D26E18A050034C8E2 /* IesbSocial */,
			);
		};
/* End PBXProject section */

/* Begin PBXResourcesBuildPhase section */
		EBC8BD5C26E18A050034C8E2 /* Resources */ = {
			isa = PBXResourcesBuildPhase;
			buildActionMask = 2147483647;
			files = (
				EBC8BD6926E18A070034C8E2 /* Preview Assets.xcassets in Resources */,
				EBC8BD6626E18A070034C8E2 /* Assets.xcassets in Resources */,
			);
			runOnlyForDeploymentPostprocessing = 0;
		};
/* End PBXResourcesBuildPhase section */

/* Begin PBXSourcesBuildPhase section */
		EBC8BD5A26E18A050034C8E2 /* Sources */ = {
			isa = PBXSourcesBuildPhase;
			buildActionMask = 2147483647;
			files = (
				EBC8BD6426E18A050034C8E2 /* ContentView.swift in Sources */,
				EBC8BD7B26E198010034C8E2 /* URLSession+Map.swift in Sources */,
				EBC8BD7826E191E10034C8E2 /* UserListView.swift in Sources */,
				EBC8BD7526E18E490034C8E2 /* UserViewModel.swift in Sources */,
				EBC8BD6226E18A050034C8E2 /* IesbSocialApp.swift in Sources */,
				EBC8BD7226E18A970034C8E2 /* User.swift in Sources */,
			);
			runOnlyForDeploymentPostprocessing = 0;
		};
/* End PBXSourcesBuildPhase section */

/* Begin XCBuildConfiguration section */
		EBC8BD6B26E18A070034C8E2 /* Debug */ = {
			isa = XCBuildConfiguration;
			buildSettings = {
				ALWAYS_SEARCH_USER_PATHS = NO;
				CLANG_ANALYZER_NONNULL = YES;
				CLANG_ANALYZER_NUMBER_OBJECT_CONVERSION = YES_AGGRESSIVE;
				CLANG_CXX_LANGUAGE_STANDARD = "gnu++14";
				CLANG_CXX_LIBRARY = "libc++";
				CLANG_ENABLE_MODULES = YES;
				CLANG_ENABLE_OBJC_ARC = YES;
				CLANG_ENABLE_OBJC_WEAK = YES;
				CLANG_WARN_BLOCK_CAPTURE_AUTORELEASING = YES;
				CLANG_WARN_BOOL_CONVERSION = YES;
				CLANG_WARN_COMMA = YES;
				CLANG_WARN_CONSTANT_CONVERSION = YES;
				CLANG_WARN_DEPRECATED_OBJC_IMPLEMENTATIONS = YES;
				CLANG_WARN_DIRECT_OBJC_ISA_USAGE = YES_ERROR;
				CLANG_WARN_DOCUMENTATION_COMMENTS = YES;
				CLANG_WARN_EMPTY_BODY = YES;
				CLANG_WARN_ENUM_CONVERSION = YES;
				CLANG_WARN_INFINITE_RECURSION = YES;
				CLANG_WARN_INT_CONVERSION = YES;
				CLANG_WARN_NON_LITERAL_NULL_CONVERSION = YES;
				CLANG_WARN_OBJC_IMPLICIT_RETAIN_SELF = YES;
				CLANG_WARN_OBJC_LITERAL_CONVERSION = YES;
				CLANG_WARN_OBJC_ROOT_CLASS = YES_ERROR;
				CLANG_WARN_QUOTED_INCLUDE_IN_FRAMEWORK_HEADER = YES;
				CLANG_WARN_RANGE_LOOP_ANALYSIS = YES;
				CLANG_WARN_STRICT_PROTOTYPES = YES;
				CLANG_WARN_SUSPICIOUS_MOVE = YES;
				CLANG_WARN_UNGUARDED_AVAILABILITY = YES_AGGRESSIVE;
				CLANG_WARN_UNREACHABLE_CODE = YES;
				CLANG_WARN__DUPLICATE_METHOD_MATCH = YES;
				COPY_PHASE_STRIP = NO;
				DEBUG_INFORMATION_FORMAT = dwarf;
				ENABLE_STRICT_OBJC_MSGSEND = YES;
				ENABLE_TESTABILITY = YES;
				GCC_C_LANGUAGE_STANDARD = gnu11;
				GCC_DYNAMIC_NO_PIC = NO;
				GCC_NO_COMMON_BLOCKS = YES;
				GCC_OPTIMIZATION_LEVEL = 0;
				GCC_PREPROCESSOR_DEFINITIONS = (
					"DEBUG=1",
					"$(inherited)",
				);
				GCC_WARN_64_TO_32_BIT_CONVERSION = YES;
				GCC_WARN_ABOUT_RETURN_TYPE = YES_ERROR;
				GCC_WARN_UNDECLARED_SELECTOR = YES;
				GCC_WARN_UNINITIALIZED_AUTOS = YES_AGGRESSIVE;
				GCC_WARN_UNUSED_FUNCTION = YES;
				GCC_WARN_UNUSED_VARIABLE = YES;
				IPHONEOS_DEPLOYMENT_TARGET = 14.5;
				MTL_ENABLE_DEBUG_INFO = INCLUDE_SOURCE;
				MTL_FAST_MATH = YES;
				ONLY_ACTIVE_ARCH = YES;
				SDKROOT = iphoneos;
				SWIFT_ACTIVE_COMPILATION_CONDITIONS = DEBUG;
				SWIFT_OPTIMIZATION_LEVEL = "-Onone";
			};
			name = Debug;
		};
		EBC8BD6C26E18A070034C8E2 /* Release */ = {
			isa = XCBuildConfiguration;
			buildSettings = {
				ALWAYS_SEARCH_USER_PATHS = NO;
				CLANG_ANALYZER_NONNULL = YES;
				CLANG_ANALYZER_NUMBER_OBJECT_CONVERSION = YES_AGGRESSIVE;
				CLANG_CXX_LANGUAGE_STANDARD = "gnu++14";
				CLANG_CXX_LIBRARY = "libc++";
				CLANG_ENABLE_MODULES = YES;
				CLANG_ENABLE_OBJC_ARC = YES;
				CLANG_ENABLE_OBJC_WEAK = YES;
				CLANG_WARN_BLOCK_CAPTURE_AUTORELEASING = YES;
				CLANG_WARN_BOOL_CONVERSION = YES;
				CLANG_WARN_COMMA = YES;
				CLANG_WARN_CONSTANT_CONVERSION = YES;
				CLANG_WARN_DEPRECATED_OBJC_IMPLEMENTATIONS = YES;
				CLANG_WARN_DIRECT_OBJC_ISA_USAGE = YES_ERROR;
				CLANG_WARN_DOCUMENTATION_COMMENTS = YES;
				CLANG_WARN_EMPTY_BODY = YES;
				CLANG_WARN_ENUM_CONVERSION = YES;
				CLANG_WARN_INFINITE_RECURSION = YES;
				CLANG_WARN_INT_CONVERSION = YES;
				CLANG_WARN_NON_LITERAL_NULL_CONVERSION = YES;
				CLANG_WARN_OBJC_IMPLICIT_RETAIN_SELF = YES;
				CLANG_WARN_OBJC_LITERAL_CONVERSION = YES;
				CLANG_WARN_OBJC_ROOT_CLASS = YES_ERROR;
				CLANG_WARN_QUOTED_INCLUDE_IN_FRAMEWORK_HEADER = YES;
				CLANG_WARN_RANGE_LOOP_ANALYSIS = YES;
				CLANG_WARN_STRICT_PROTOTYPES = YES;
				CLANG_WARN_SUSPICIOUS_MOVE = YES;
				CLANG_WARN_UNGUARDED_AVAILABILITY = YES_AGGRESSIVE;
				CLANG_WARN_UNREACHABLE_CODE = YES;
				CLANG_WARN__DUPLICATE_METHOD_MATCH = YES;
				COPY_PHASE_STRIP = NO;
				DEBUG_INFORMATION_FORMAT = "dwarf-with-dsym";
				ENABLE_NS_ASSERTIONS = NO;
				ENABLE_STRICT_OBJC_MSGSEND = YES;
				GCC_C_LANGUAGE_STANDARD = gnu11;
				GCC_NO_COMMON_BLOCKS = YES;
				GCC_WARN_64_TO_32_BIT_CONVERSION = YES;
				GCC_WARN_ABOUT_RETURN_TYPE = YES_ERROR;
				GCC_WARN_UNDECLARED_SELECTOR = YES;
				GCC_WARN_UNINITIALIZED_AUTOS = YES_AGGRESSIVE;
				GCC_WARN_UNUSED_FUNCTION = YES;
				GCC_WARN_UNUSED_VARIABLE = YES;
				IPHONEOS_DEPLOYMENT_TARGET = 14.5;
				MTL_ENABLE_DEBUG_INFO = NO;
				MTL_FAST_MATH = YES;
				SDKROOT = iphoneos;
				SWIFT_COMPILATION_MODE = wholemodule;
				SWIFT_OPTIMIZATION_LEVEL = "-O";
				VALIDATE_PRODUCT = YES;
			};
			name = Release;
		};
		EBC8BD6E26E18A070034C8E2 /* Debug */ = {
			isa = XCBuildConfiguration;
			buildSettings = {
				ASSETCATALOG_COMPILER_APPICON_NAME = AppIcon;
				ASSETCATALOG_COMPILER_GLOBAL_ACCENT_COLOR_NAME = AccentColor;
				CODE_SIGN_STYLE = Automatic;
				DEVELOPMENT_ASSET_PATHS = "\"IesbSocial/Preview Content\"";
				DEVELOPMENT_TEAM = FF3T968R68;
				ENABLE_PREVIEWS = YES;
				INFOPLIST_FILE = IesbSocial/Info.plist;
				IPHONEOS_DEPLOYMENT_TARGET = 14.0;
				LD_RUNPATH_SEARCH_PATHS = (
					"$(inherited)",
					"@executable_path/Frameworks",
				);
				PRODUCT_BUNDLE_IDENTIFIER = br.dev.pedroh.IesbSocial;
				PRODUCT_NAME = "$(TARGET_NAME)";
				SWIFT_VERSION = 5.0;
				TARGETED_DEVICE_FAMILY = "1,2";
			};
			name = Debug;
		};
		EBC8BD6F26E18A070034C8E2 /* Release */ = {
			isa = XCBuildConfiguration;
			buildSettings = {
				ASSETCATALOG_COMPILER_APPICON_NAME = AppIcon;
				ASSETCATALOG_COMPILER_GLOBAL_ACCENT_COLOR_NAME = AccentColor;
				CODE_SIGN_STYLE = Automatic;
				DEVELOPMENT_ASSET_PATHS = "\"IesbSocial/Preview Content\"";
				DEVELOPMENT_TEAM = FF3T968R68;
				ENABLE_PREVIEWS = YES;
				INFOPLIST_FILE = IesbSocial/Info.plist;
				IPHONEOS_DEPLOYMENT_TARGET = 14.0;
				LD_RUNPATH_SEARCH_PATHS = (
					"$(inherited)",
					"@executable_path/Frameworks",
				);
				PRODUCT_BUNDLE_IDENTIFIER = br.dev.pedroh.IesbSocial;
				PRODUCT_NAME = "$(TARGET_NAME)";
				SWIFT_VERSION = 5.0;
				TARGETED_DEVICE_FAMILY = "1,2";
			};
			name = Release;
		};
/* End XCBuildConfiguration section */

/* Begin XCConfigurationList section */
		EBC8BD5926E18A050034C8E2 /* Build configuration list for PBXProject "IesbSocial" */ = {
			isa = XCConfigurationList;
			buildConfigurations = (
				EBC8BD6B26E18A070034C8E2 /* Debug */,
				EBC8BD6C26E18A070034C8E2 /* Release */,
			);
			defaultConfigurationIsVisible = 0;
			defaultConfigurationName = Release;
		};
		EBC8BD6D26E18A070034C8E2 /* Build configuration list for PBXNativeTarget "IesbSocial" */ = {
			isa = XCConfigurationList;
			buildConfigurations = (
				EBC8BD6E26E18A070034C8E2 /* Debug */,
				EBC8BD6F26E18A070034C8E2 /* Release */,
			);
			defaultConfigurationIsVisible = 0;
			defaultConfigurationName = Release;
		};
/* End XCConfigurationList section */
	};
	rootObject = EBC8BD5626E18A050034C8E2 /* Project object */;
}
